
Microsoft Visual Studio Solution File, Format Version 12.00
# Visual Studio Version 17
VisualStudioVersion = 17.9.34622.214
MinimumVisualStudioVersion = 10.0.40219.1
Project("{FAE04EC0-301F-11D3-BF4B-00C04F79EFBC}") = "Calc.ConsoleApp", "Calc.ConsoleApp\Calc.ConsoleApp.csproj", "{3DA801B2-B1CB-47D0-AA49-8F7E89D0B26D}"
EndProject
Global
	GlobalSection(SolutionConfigurationPlatforms) = preSolution
		Debug|Any CPU = Debug|Any CPU
		Release|Any CPU = Release|Any CPU
	EndGlobalSection
	GlobalSection(ProjectConfigurationPlatforms) = postSolution
		{3DA801B2-B1CB-47D0-AA49-8F7E89D0B26D}.Debug|Any CPU.ActiveCfg = Debug|Any CPU
		{3DA801B2-B1CB-47D0-AA49-8F7E89D0B26D}.Debug|Any CPU.Build.0 = Debug|Any CPU
		{3DA801B2-B1CB-47D0-AA49-8F7E89D0B26D}.Release|Any CPU.ActiveCfg = Release|Any CPU
		{3DA801B2-B1CB-47D0-AA49-8F7E89D0B26D}.Release|Any CPU.Build.0 = Release|Any CPU
	EndGlobalSection
	GlobalSection(SolutionProperties) = preSolution
		HideSolutionNode = FALSE
	EndGlobalSection
	GlobalSection(ExtensibilityGlobals) = postSolution
		SolutionGuid = {CF18DC3C-3ACF-41C2-9CE3-F9193DBE17AC}
	EndGlobalSection
EndGlobal
